
Microsoft Visual Studio Solution File, Format Version 12.00
# Visual Studio 2013
VisualStudioVersion = 12.0.31101.0
MinimumVisualStudioVersion = 10.0.40219.1
Project("{FAE04EC0-301F-11D3-BF4B-00C04F79EFBC}") = "01.Beer", "01.Beer\01.Beer.csproj", "{70D97260-1E06-40F7-8459-0DDE12ECB0B4}"
EndProject
Project("{FAE04EC0-301F-11D3-BF4B-00C04F79EFBC}") = "02.FunWithMatrices", "02.FunWithMatrices\02.FunWithMatrices.csproj", "{0F02942E-5073-4BBE-A944-E7AC02287C39}"
EndProject
Project("{FAE04EC0-301F-11D3-BF4B-00C04F79EFBC}") = "03.ByteParty", "03.ByteParty\03.ByteParty.csproj", "{DF9222B9-687C-4202-AEF4-A4D8B5F0B20D}"
EndProject
Project("{FAE04EC0-301F-11D3-BF4B-00C04F79EFBC}") = "04.Tetris", "04.Tetris\04.Tetris.csproj", "{8671FABA-8D96-4EAD-ABE3-4F7C786C76EA}"
EndProject
Global
	GlobalSection(SolutionConfigurationPlatforms) = preSolution
		Debug|Any CPU = Debug|Any CPU
		Release|Any CPU = Release|Any CPU
	EndGlobalSection
	GlobalSection(ProjectConfigurationPlatforms) = postSolution
		{70D97260-1E06-40F7-8459-0DDE12ECB0B4}.Debug|Any CPU.ActiveCfg = Debug|Any CPU
		{70D97260-1E06-40F7-8459-0DDE12ECB0B4}.Debug|Any CPU.Build.0 = Debug|Any CPU
		{70D97260-1E06-40F7-8459-0DDE12ECB0B4}.Release|Any CPU.ActiveCfg = Release|Any CPU
		{70D97260-1E06-40F7-8459-0DDE12ECB0B4}.Release|Any CPU.Build.0 = Release|Any CPU
		{0F02942E-5073-4BBE-A944-E7AC02287C39}.Debug|Any CPU.ActiveCfg = Debug|Any CPU
		{0F02942E-5073-4BBE-A944-E7AC02287C39}.Debug|Any CPU.Build.0 = Debug|Any CPU
		{0F02942E-5073-4BBE-A944-E7AC02287C39}.Release|Any CPU.ActiveCfg = Release|Any CPU
		{0F02942E-5073-4BBE-A944-E7AC02287C39}.Release|Any CPU.Build.0 = Release|Any CPU
		{DF9222B9-687C-4202-AEF4-A4D8B5F0B20D}.Debug|Any CPU.ActiveCfg = Debug|Any CPU
		{DF9222B9-687C-4202-AEF4-A4D8B5F0B20D}.Debug|Any CPU.Build.0 = Debug|Any CPU
		{DF9222B9-687C-4202-AEF4-A4D8B5F0B20D}.Release|Any CPU.ActiveCfg = Release|Any CPU
		{DF9222B9-687C-4202-AEF4-A4D8B5F0B20D}.Release|Any CPU.Build.0 = Release|Any CPU
		{8671FABA-8D96-4EAD-ABE3-4F7C786C76EA}.Debug|Any CPU.ActiveCfg = Debug|Any CPU
		{8671FABA-8D96-4EAD-ABE3-4F7C786C76EA}.Debug|Any CPU.Build.0 = Debug|Any CPU
		{8671FABA-8D96-4EAD-ABE3-4F7C786C76EA}.Release|Any CPU.ActiveCfg = Release|Any CPU
		{8671FABA-8D96-4EAD-ABE3-4F7C786C76EA}.Release|Any CPU.Build.0 = Release|Any CPU
	EndGlobalSection
	GlobalSection(SolutionProperties) = preSolution
		HideSolutionNode = FALSE
	EndGlobalSection
EndGlobal
