
Microsoft Visual Studio Solution File, Format Version 12.00
# Visual Studio 14
VisualStudioVersion = 14.0.24720.0
MinimumVisualStudioVersion = 10.0.40219.1
Project("{E24C65DC-7377-472B-9ABA-BC803B73C61A}") = "Problem 1. TODO List Module", "Problem 1. TODO List Module\", "{4CB7EDBD-3C00-4796-BF55-D378A17354EA}"
	ProjectSection(WebsiteProperties) = preProject
		TargetFrameworkMoniker = ".NETFramework,Version%3Dv4.5.2"
		Debug.AspNetCompiler.VirtualPath = "/localhost_52452"
		Debug.AspNetCompiler.PhysicalPath = "Problem 1. TODO List Module\"
		Debug.AspNetCompiler.TargetPath = "PrecompiledWeb\localhost_52452\"
		Debug.AspNetCompiler.Updateable = "true"
		Debug.AspNetCompiler.ForceOverwrite = "true"
		Debug.AspNetCompiler.FixedNames = "false"
		Debug.AspNetCompiler.Debug = "True"
		Release.AspNetCompiler.VirtualPath = "/localhost_52452"
		Release.AspNetCompiler.PhysicalPath = "Problem 1. TODO List Module\"
		Release.AspNetCompiler.TargetPath = "PrecompiledWeb\localhost_52452\"
		Release.AspNetCompiler.Updateable = "true"
		Release.AspNetCompiler.ForceOverwrite = "true"
		Release.AspNetCompiler.FixedNames = "false"
		Release.AspNetCompiler.Debug = "False"
		VWDPort = "52452"
		SlnRelativePath = "Problem 1. TODO List Module\"
		DefaultWebSiteLanguage = "Visual C#"
	EndProjectSection
EndProject
Global
	GlobalSection(SolutionConfigurationPlatforms) = preSolution
		Debug|Any CPU = Debug|Any CPU
	EndGlobalSection
	GlobalSection(ProjectConfigurationPlatforms) = postSolution
		{4CB7EDBD-3C00-4796-BF55-D378A17354EA}.Debug|Any CPU.ActiveCfg = Debug|Any CPU
		{4CB7EDBD-3C00-4796-BF55-D378A17354EA}.Debug|Any CPU.Build.0 = Debug|Any CPU
	EndGlobalSection
	GlobalSection(SolutionProperties) = preSolution
		HideSolutionNode = FALSE
	EndGlobalSection
EndGlobal
