
Microsoft Visual Studio Solution File, Format Version 12.00
# Visual Studio 2013
VisualStudioVersion = 12.0.31101.0
MinimumVisualStudioVersion = 10.0.40219.1
Project("{FAE04EC0-301F-11D3-BF4B-00C04F79EFBC}") = "Joro", "Joro\Joro.csproj", "{CBD2312E-8AF9-425C-8FA9-A67ED513D96D}"
EndProject
Project("{FAE04EC0-301F-11D3-BF4B-00C04F79EFBC}") = "03-Boat", "03-Boat\03-Boat.csproj", "{DF075BC4-4694-47F9-A838-EF5C362BB89E}"
EndProject
Project("{FAE04EC0-301F-11D3-BF4B-00C04F79EFBC}") = "x-bit", "x-bit\x-bit.csproj", "{CAA20241-C500-43BF-A466-74923FA74935}"
EndProject
Project("{FAE04EC0-301F-11D3-BF4B-00C04F79EFBC}") = "02.HalfSum", "02.HalfSum\02.HalfSum.csproj", "{3C54EA9F-3BD1-4EEC-8E17-A06C63545052}"
EndProject
Project("{FAE04EC0-301F-11D3-BF4B-00C04F79EFBC}") = "03.Sunglasses", "03.Sunglasses\03.Sunglasses.csproj", "{0B06B7E9-AC0B-4557-B80B-513A99B20376}"
EndProject
Project("{FAE04EC0-301F-11D3-BF4B-00C04F79EFBC}") = "04.Nine-DigitMagicNumbers", "04.Nine-DigitMagicNumbers\04.Nine-DigitMagicNumbers.csproj", "{74EA399E-6C61-4971-B7DB-32D269F728C3}"
EndProject
Project("{FAE04EC0-301F-11D3-BF4B-00C04F79EFBC}") = "05.BitsInverter", "05.BitsInverter\05.BitsInverter.csproj", "{50C07D0E-9AB1-469D-B2A3-E6A0BD82ABD2}"
EndProject
Project("{FAE04EC0-301F-11D3-BF4B-00C04F79EFBC}") = "05.BitsInverter-Autor", "05.BitsInverter-Autor\05.BitsInverter-Autor.csproj", "{DCA4799E-0C1D-4890-8CAA-516962C11A11}"
EndProject
Project("{FAE04EC0-301F-11D3-BF4B-00C04F79EFBC}") = "05.BitsUp", "05.BitsUp\05.BitsUp.csproj", "{6C322F34-1B42-42F3-B248-574EEA1DB4A6}"
EndProject
Project("{FAE04EC0-301F-11D3-BF4B-00C04F79EFBC}") = "01.WorkHours", "01.WorkHours\01.WorkHours.csproj", "{D03C797C-8A2B-4B8C-816B-20C70C6AA718}"
EndProject
Project("{FAE04EC0-301F-11D3-BF4B-00C04F79EFBC}") = "02.SumOfElements", "02.SumOfElements\02.SumOfElements.csproj", "{2831B1DA-9435-4C9D-9359-CE04BBF8670B}"
EndProject
Project("{FAE04EC0-301F-11D3-BF4B-00C04F79EFBC}") = "05.BitSifting", "05.BitSifting\05.BitSifting.csproj", "{F786FF33-8B44-4216-BE06-B489E75E5F3C}"
EndProject
Project("{FAE04EC0-301F-11D3-BF4B-00C04F79EFBC}") = "01.Cinema", "01.Cinema\01.Cinema.csproj", "{B791B3A8-C75A-40F1-AB5D-0C6E52E4FEF2}"
EndProject
Project("{FAE04EC0-301F-11D3-BF4B-00C04F79EFBC}") = "02.Illuminati", "02.Illuminati\02.Illuminati.csproj", "{B85ABD9C-CA8D-47FD-AF9F-5FBD6DCB7E9E}"
EndProject
Project("{FAE04EC0-301F-11D3-BF4B-00C04F79EFBC}") = "04.CrossingSequences", "04.CrossingSequences\04.CrossingSequences.csproj", "{F81E0533-5809-456D-94BC-302A814666E7}"
EndProject
Project("{FAE04EC0-301F-11D3-BF4B-00C04F79EFBC}") = "05.CatchTheBits", "05.CatchTheBits\05.CatchTheBits.csproj", "{B618EF91-571F-4AB6-90B2-0718738EE2AE}"
EndProject
Project("{FAE04EC0-301F-11D3-BF4B-00C04F79EFBC}") = "01.Triangle", "01.Triangle\01.Triangle.csproj", "{B1A2F46C-FB30-428A-932C-621759B3EFC6}"
EndProject
Project("{FAE04EC0-301F-11D3-BF4B-00C04F79EFBC}") = "02.Pairs", "02.Pairs\02.Pairs.csproj", "{639885F3-C762-4A4F-B764-A51ECCDC56A9}"
EndProject
Project("{FAE04EC0-301F-11D3-BF4B-00C04F79EFBC}") = "03.House", "03.House\03.House.csproj", "{1E0F7E5E-E136-46FF-9A54-DBA75C687D75}"
EndProject
Project("{FAE04EC0-301F-11D3-BF4B-00C04F79EFBC}") = "05.BitKiller", "05.BitKiller\05.BitKiller.csproj", "{9248236F-FD42-43F0-A250-98A36523D4CD}"
EndProject
Project("{FAE04EC0-301F-11D3-BF4B-00C04F79EFBC}") = "01.ExamSchedule", "01.ExamSchedule\01.ExamSchedule.csproj", "{BCE722AA-0CB8-421C-9E18-F441C5CD7792}"
EndProject
Project("{FAE04EC0-301F-11D3-BF4B-00C04F79EFBC}") = "02.OddEvenElements", "02.OddEvenElements\02.OddEvenElements.csproj", "{986E9656-7013-4A80-8E04-C7FE43C31583}"
EndProject
Project("{FAE04EC0-301F-11D3-BF4B-00C04F79EFBC}") = "03.Arrow", "04.Arrow\03.Arrow.csproj", "{4140941B-1F32-4CE4-A0C8-FD2D420DE320}"
EndProject
Project("{FAE04EC0-301F-11D3-BF4B-00C04F79EFBC}") = "04.FiveSpecialLetters", "04.FiveSpecialLetters\04.FiveSpecialLetters.csproj", "{107D35E3-D957-4447-8C59-9F5509326C91}"
EndProject
Project("{FAE04EC0-301F-11D3-BF4B-00C04F79EFBC}") = "05.BitRoller", "05.BitRoller\05.BitRoller.csproj", "{3EF810A7-548A-4745-B16F-78D7FAD595ED}"
EndProject
Project("{FAE04EC0-301F-11D3-BF4B-00C04F79EFBC}") = "01.FruitMarket", "01.FruitMarket\01.FruitMarket.csproj", "{1EA0107C-B134-4004-AE26-3C22D754EC13}"
EndProject
Project("{FAE04EC0-301F-11D3-BF4B-00C04F79EFBC}") = "02.BiggestTriple", "02.BiggestTriple\02.BiggestTriple.csproj", "{342DBA6A-2C40-41DC-89BD-28DC9F98DDEC}"
EndProject
Project("{FAE04EC0-301F-11D3-BF4B-00C04F79EFBC}") = "03.WineGlass", "03.WineGlass\03.WineGlass.csproj", "{4E5DEFEB-C8F2-4EAB-AE6E-9C87A7CF3ACB}"
EndProject
Project("{FAE04EC0-301F-11D3-BF4B-00C04F79EFBC}") = "04.LongestAlphabeticalWord", "04.LongestAlphabeticalWord\04.LongestAlphabeticalWord.csproj", "{B85E622D-A0DD-4AEF-B508-D648CC0121C1}"
EndProject
Project("{FAE04EC0-301F-11D3-BF4B-00C04F79EFBC}") = "05.BitShooter", "05.BitShooter\05.BitShooter.csproj", "{451B5974-9AF8-484D-A6CC-DE8A9A90087F}"
EndProject
Project("{FAE04EC0-301F-11D3-BF4B-00C04F79EFBC}") = "01.InsideTheBuilding", "01.InsideTheBuilding\01.InsideTheBuilding.csproj", "{F30CFCA7-A0A4-4A7F-A210-0E60CA179E58}"
EndProject
Project("{FAE04EC0-301F-11D3-BF4B-00C04F79EFBC}") = "02.StudentCables", "02.StudentCables\02.StudentCables.csproj", "{AB7FE702-CA34-48D6-AECF-E681211FCD9E}"
EndProject
Project("{FAE04EC0-301F-11D3-BF4B-00C04F79EFBC}") = "03.ProgrammerDNA", "03.ProgrammerDNA\03.ProgrammerDNA.csproj", "{08EDFCD6-0C60-464A-9BB5-6471D9EDD812}"
EndProject
Project("{FAE04EC0-301F-11D3-BF4B-00C04F79EFBC}") = "04.MagicCarNumbers", "04.MagicCarNumbers\04.MagicCarNumbers.csproj", "{F8A797D6-B2A7-4142-92B1-222A5FFDF581}"
EndProject
Project("{FAE04EC0-301F-11D3-BF4B-00C04F79EFBC}") = "05.BitFlipper", "05.BitFlipper\05.BitFlipper.csproj", "{78083D92-1603-49ED-8360-CB4D70B9271E}"
EndProject
Global
	GlobalSection(SolutionConfigurationPlatforms) = preSolution
		Debug|Any CPU = Debug|Any CPU
		Release|Any CPU = Release|Any CPU
	EndGlobalSection
	GlobalSection(ProjectConfigurationPlatforms) = postSolution
		{CBD2312E-8AF9-425C-8FA9-A67ED513D96D}.Debug|Any CPU.ActiveCfg = Debug|Any CPU
		{CBD2312E-8AF9-425C-8FA9-A67ED513D96D}.Debug|Any CPU.Build.0 = Debug|Any CPU
		{CBD2312E-8AF9-425C-8FA9-A67ED513D96D}.Release|Any CPU.ActiveCfg = Release|Any CPU
		{CBD2312E-8AF9-425C-8FA9-A67ED513D96D}.Release|Any CPU.Build.0 = Release|Any CPU
		{DF075BC4-4694-47F9-A838-EF5C362BB89E}.Debug|Any CPU.ActiveCfg = Debug|Any CPU
		{DF075BC4-4694-47F9-A838-EF5C362BB89E}.Debug|Any CPU.Build.0 = Debug|Any CPU
		{DF075BC4-4694-47F9-A838-EF5C362BB89E}.Release|Any CPU.ActiveCfg = Release|Any CPU
		{DF075BC4-4694-47F9-A838-EF5C362BB89E}.Release|Any CPU.Build.0 = Release|Any CPU
		{CAA20241-C500-43BF-A466-74923FA74935}.Debug|Any CPU.ActiveCfg = Debug|Any CPU
		{CAA20241-C500-43BF-A466-74923FA74935}.Debug|Any CPU.Build.0 = Debug|Any CPU
		{CAA20241-C500-43BF-A466-74923FA74935}.Release|Any CPU.ActiveCfg = Release|Any CPU
		{CAA20241-C500-43BF-A466-74923FA74935}.Release|Any CPU.Build.0 = Release|Any CPU
		{3C54EA9F-3BD1-4EEC-8E17-A06C63545052}.Debug|Any CPU.ActiveCfg = Debug|Any CPU
		{3C54EA9F-3BD1-4EEC-8E17-A06C63545052}.Debug|Any CPU.Build.0 = Debug|Any CPU
		{3C54EA9F-3BD1-4EEC-8E17-A06C63545052}.Release|Any CPU.ActiveCfg = Release|Any CPU
		{3C54EA9F-3BD1-4EEC-8E17-A06C63545052}.Release|Any CPU.Build.0 = Release|Any CPU
		{0B06B7E9-AC0B-4557-B80B-513A99B20376}.Debug|Any CPU.ActiveCfg = Debug|Any CPU
		{0B06B7E9-AC0B-4557-B80B-513A99B20376}.Debug|Any CPU.Build.0 = Debug|Any CPU
		{0B06B7E9-AC0B-4557-B80B-513A99B20376}.Release|Any CPU.ActiveCfg = Release|Any CPU
		{0B06B7E9-AC0B-4557-B80B-513A99B20376}.Release|Any CPU.Build.0 = Release|Any CPU
		{74EA399E-6C61-4971-B7DB-32D269F728C3}.Debug|Any CPU.ActiveCfg = Debug|Any CPU
		{74EA399E-6C61-4971-B7DB-32D269F728C3}.Debug|Any CPU.Build.0 = Debug|Any CPU
		{74EA399E-6C61-4971-B7DB-32D269F728C3}.Release|Any CPU.ActiveCfg = Release|Any CPU
		{74EA399E-6C61-4971-B7DB-32D269F728C3}.Release|Any CPU.Build.0 = Release|Any CPU
		{50C07D0E-9AB1-469D-B2A3-E6A0BD82ABD2}.Debug|Any CPU.ActiveCfg = Debug|Any CPU
		{50C07D0E-9AB1-469D-B2A3-E6A0BD82ABD2}.Debug|Any CPU.Build.0 = Debug|Any CPU
		{50C07D0E-9AB1-469D-B2A3-E6A0BD82ABD2}.Release|Any CPU.ActiveCfg = Release|Any CPU
		{50C07D0E-9AB1-469D-B2A3-E6A0BD82ABD2}.Release|Any CPU.Build.0 = Release|Any CPU
		{DCA4799E-0C1D-4890-8CAA-516962C11A11}.Debug|Any CPU.ActiveCfg = Debug|Any CPU
		{DCA4799E-0C1D-4890-8CAA-516962C11A11}.Debug|Any CPU.Build.0 = Debug|Any CPU
		{DCA4799E-0C1D-4890-8CAA-516962C11A11}.Release|Any CPU.ActiveCfg = Release|Any CPU
		{DCA4799E-0C1D-4890-8CAA-516962C11A11}.Release|Any CPU.Build.0 = Release|Any CPU
		{6C322F34-1B42-42F3-B248-574EEA1DB4A6}.Debug|Any CPU.ActiveCfg = Debug|Any CPU
		{6C322F34-1B42-42F3-B248-574EEA1DB4A6}.Debug|Any CPU.Build.0 = Debug|Any CPU
		{6C322F34-1B42-42F3-B248-574EEA1DB4A6}.Release|Any CPU.ActiveCfg = Release|Any CPU
		{6C322F34-1B42-42F3-B248-574EEA1DB4A6}.Release|Any CPU.Build.0 = Release|Any CPU
		{D03C797C-8A2B-4B8C-816B-20C70C6AA718}.Debug|Any CPU.ActiveCfg = Debug|Any CPU
		{D03C797C-8A2B-4B8C-816B-20C70C6AA718}.Debug|Any CPU.Build.0 = Debug|Any CPU
		{D03C797C-8A2B-4B8C-816B-20C70C6AA718}.Release|Any CPU.ActiveCfg = Release|Any CPU
		{D03C797C-8A2B-4B8C-816B-20C70C6AA718}.Release|Any CPU.Build.0 = Release|Any CPU
		{2831B1DA-9435-4C9D-9359-CE04BBF8670B}.Debug|Any CPU.ActiveCfg = Debug|Any CPU
		{2831B1DA-9435-4C9D-9359-CE04BBF8670B}.Debug|Any CPU.Build.0 = Debug|Any CPU
		{2831B1DA-9435-4C9D-9359-CE04BBF8670B}.Release|Any CPU.ActiveCfg = Release|Any CPU
		{2831B1DA-9435-4C9D-9359-CE04BBF8670B}.Release|Any CPU.Build.0 = Release|Any CPU
		{F786FF33-8B44-4216-BE06-B489E75E5F3C}.Debug|Any CPU.ActiveCfg = Debug|Any CPU
		{F786FF33-8B44-4216-BE06-B489E75E5F3C}.Debug|Any CPU.Build.0 = Debug|Any CPU
		{F786FF33-8B44-4216-BE06-B489E75E5F3C}.Release|Any CPU.ActiveCfg = Release|Any CPU
		{F786FF33-8B44-4216-BE06-B489E75E5F3C}.Release|Any CPU.Build.0 = Release|Any CPU
		{B791B3A8-C75A-40F1-AB5D-0C6E52E4FEF2}.Debug|Any CPU.ActiveCfg = Debug|Any CPU
		{B791B3A8-C75A-40F1-AB5D-0C6E52E4FEF2}.Debug|Any CPU.Build.0 = Debug|Any CPU
		{B791B3A8-C75A-40F1-AB5D-0C6E52E4FEF2}.Release|Any CPU.ActiveCfg = Release|Any CPU
		{B791B3A8-C75A-40F1-AB5D-0C6E52E4FEF2}.Release|Any CPU.Build.0 = Release|Any CPU
		{B85ABD9C-CA8D-47FD-AF9F-5FBD6DCB7E9E}.Debug|Any CPU.ActiveCfg = Debug|Any CPU
		{B85ABD9C-CA8D-47FD-AF9F-5FBD6DCB7E9E}.Debug|Any CPU.Build.0 = Debug|Any CPU
		{B85ABD9C-CA8D-47FD-AF9F-5FBD6DCB7E9E}.Release|Any CPU.ActiveCfg = Release|Any CPU
		{B85ABD9C-CA8D-47FD-AF9F-5FBD6DCB7E9E}.Release|Any CPU.Build.0 = Release|Any CPU
		{F81E0533-5809-456D-94BC-302A814666E7}.Debug|Any CPU.ActiveCfg = Debug|Any CPU
		{F81E0533-5809-456D-94BC-302A814666E7}.Debug|Any CPU.Build.0 = Debug|Any CPU
		{F81E0533-5809-456D-94BC-302A814666E7}.Release|Any CPU.ActiveCfg = Release|Any CPU
		{F81E0533-5809-456D-94BC-302A814666E7}.Release|Any CPU.Build.0 = Release|Any CPU
		{B618EF91-571F-4AB6-90B2-0718738EE2AE}.Debug|Any CPU.ActiveCfg = Debug|Any CPU
		{B618EF91-571F-4AB6-90B2-0718738EE2AE}.Debug|Any CPU.Build.0 = Debug|Any CPU
		{B618EF91-571F-4AB6-90B2-0718738EE2AE}.Release|Any CPU.ActiveCfg = Release|Any CPU
		{B618EF91-571F-4AB6-90B2-0718738EE2AE}.Release|Any CPU.Build.0 = Release|Any CPU
		{B1A2F46C-FB30-428A-932C-621759B3EFC6}.Debug|Any CPU.ActiveCfg = Debug|Any CPU
		{B1A2F46C-FB30-428A-932C-621759B3EFC6}.Debug|Any CPU.Build.0 = Debug|Any CPU
		{B1A2F46C-FB30-428A-932C-621759B3EFC6}.Release|Any CPU.ActiveCfg = Release|Any CPU
		{B1A2F46C-FB30-428A-932C-621759B3EFC6}.Release|Any CPU.Build.0 = Release|Any CPU
		{639885F3-C762-4A4F-B764-A51ECCDC56A9}.Debug|Any CPU.ActiveCfg = Debug|Any CPU
		{639885F3-C762-4A4F-B764-A51ECCDC56A9}.Debug|Any CPU.Build.0 = Debug|Any CPU
		{639885F3-C762-4A4F-B764-A51ECCDC56A9}.Release|Any CPU.ActiveCfg = Release|Any CPU
		{639885F3-C762-4A4F-B764-A51ECCDC56A9}.Release|Any CPU.Build.0 = Release|Any CPU
		{1E0F7E5E-E136-46FF-9A54-DBA75C687D75}.Debug|Any CPU.ActiveCfg = Debug|Any CPU
		{1E0F7E5E-E136-46FF-9A54-DBA75C687D75}.Debug|Any CPU.Build.0 = Debug|Any CPU
		{1E0F7E5E-E136-46FF-9A54-DBA75C687D75}.Release|Any CPU.ActiveCfg = Release|Any CPU
		{1E0F7E5E-E136-46FF-9A54-DBA75C687D75}.Release|Any CPU.Build.0 = Release|Any CPU
		{9248236F-FD42-43F0-A250-98A36523D4CD}.Debug|Any CPU.ActiveCfg = Debug|Any CPU
		{9248236F-FD42-43F0-A250-98A36523D4CD}.Debug|Any CPU.Build.0 = Debug|Any CPU
		{9248236F-FD42-43F0-A250-98A36523D4CD}.Release|Any CPU.ActiveCfg = Release|Any CPU
		{9248236F-FD42-43F0-A250-98A36523D4CD}.Release|Any CPU.Build.0 = Release|Any CPU
		{BCE722AA-0CB8-421C-9E18-F441C5CD7792}.Debug|Any CPU.ActiveCfg = Debug|Any CPU
		{BCE722AA-0CB8-421C-9E18-F441C5CD7792}.Debug|Any CPU.Build.0 = Debug|Any CPU
		{BCE722AA-0CB8-421C-9E18-F441C5CD7792}.Release|Any CPU.ActiveCfg = Release|Any CPU
		{BCE722AA-0CB8-421C-9E18-F441C5CD7792}.Release|Any CPU.Build.0 = Release|Any CPU
		{986E9656-7013-4A80-8E04-C7FE43C31583}.Debug|Any CPU.ActiveCfg = Debug|Any CPU
		{986E9656-7013-4A80-8E04-C7FE43C31583}.Debug|Any CPU.Build.0 = Debug|Any CPU
		{986E9656-7013-4A80-8E04-C7FE43C31583}.Release|Any CPU.ActiveCfg = Release|Any CPU
		{986E9656-7013-4A80-8E04-C7FE43C31583}.Release|Any CPU.Build.0 = Release|Any CPU
		{4140941B-1F32-4CE4-A0C8-FD2D420DE320}.Debug|Any CPU.ActiveCfg = Debug|Any CPU
		{4140941B-1F32-4CE4-A0C8-FD2D420DE320}.Debug|Any CPU.Build.0 = Debug|Any CPU
		{4140941B-1F32-4CE4-A0C8-FD2D420DE320}.Release|Any CPU.ActiveCfg = Release|Any CPU
		{4140941B-1F32-4CE4-A0C8-FD2D420DE320}.Release|Any CPU.Build.0 = Release|Any CPU
		{107D35E3-D957-4447-8C59-9F5509326C91}.Debug|Any CPU.ActiveCfg = Debug|Any CPU
		{107D35E3-D957-4447-8C59-9F5509326C91}.Debug|Any CPU.Build.0 = Debug|Any CPU
		{107D35E3-D957-4447-8C59-9F5509326C91}.Release|Any CPU.ActiveCfg = Release|Any CPU
		{107D35E3-D957-4447-8C59-9F5509326C91}.Release|Any CPU.Build.0 = Release|Any CPU
		{3EF810A7-548A-4745-B16F-78D7FAD595ED}.Debug|Any CPU.ActiveCfg = Debug|Any CPU
		{3EF810A7-548A-4745-B16F-78D7FAD595ED}.Debug|Any CPU.Build.0 = Debug|Any CPU
		{3EF810A7-548A-4745-B16F-78D7FAD595ED}.Release|Any CPU.ActiveCfg = Release|Any CPU
		{3EF810A7-548A-4745-B16F-78D7FAD595ED}.Release|Any CPU.Build.0 = Release|Any CPU
		{1EA0107C-B134-4004-AE26-3C22D754EC13}.Debug|Any CPU.ActiveCfg = Debug|Any CPU
		{1EA0107C-B134-4004-AE26-3C22D754EC13}.Debug|Any CPU.Build.0 = Debug|Any CPU
		{1EA0107C-B134-4004-AE26-3C22D754EC13}.Release|Any CPU.ActiveCfg = Release|Any CPU
		{1EA0107C-B134-4004-AE26-3C22D754EC13}.Release|Any CPU.Build.0 = Release|Any CPU
		{342DBA6A-2C40-41DC-89BD-28DC9F98DDEC}.Debug|Any CPU.ActiveCfg = Debug|Any CPU
		{342DBA6A-2C40-41DC-89BD-28DC9F98DDEC}.Debug|Any CPU.Build.0 = Debug|Any CPU
		{342DBA6A-2C40-41DC-89BD-28DC9F98DDEC}.Release|Any CPU.ActiveCfg = Release|Any CPU
		{342DBA6A-2C40-41DC-89BD-28DC9F98DDEC}.Release|Any CPU.Build.0 = Release|Any CPU
		{4E5DEFEB-C8F2-4EAB-AE6E-9C87A7CF3ACB}.Debug|Any CPU.ActiveCfg = Debug|Any CPU
		{4E5DEFEB-C8F2-4EAB-AE6E-9C87A7CF3ACB}.Debug|Any CPU.Build.0 = Debug|Any CPU
		{4E5DEFEB-C8F2-4EAB-AE6E-9C87A7CF3ACB}.Release|Any CPU.ActiveCfg = Release|Any CPU
		{4E5DEFEB-C8F2-4EAB-AE6E-9C87A7CF3ACB}.Release|Any CPU.Build.0 = Release|Any CPU
		{B85E622D-A0DD-4AEF-B508-D648CC0121C1}.Debug|Any CPU.ActiveCfg = Debug|Any CPU
		{B85E622D-A0DD-4AEF-B508-D648CC0121C1}.Debug|Any CPU.Build.0 = Debug|Any CPU
		{B85E622D-A0DD-4AEF-B508-D648CC0121C1}.Release|Any CPU.ActiveCfg = Release|Any CPU
		{B85E622D-A0DD-4AEF-B508-D648CC0121C1}.Release|Any CPU.Build.0 = Release|Any CPU
		{451B5974-9AF8-484D-A6CC-DE8A9A90087F}.Debug|Any CPU.ActiveCfg = Debug|Any CPU
		{451B5974-9AF8-484D-A6CC-DE8A9A90087F}.Debug|Any CPU.Build.0 = Debug|Any CPU
		{451B5974-9AF8-484D-A6CC-DE8A9A90087F}.Release|Any CPU.ActiveCfg = Release|Any CPU
		{451B5974-9AF8-484D-A6CC-DE8A9A90087F}.Release|Any CPU.Build.0 = Release|Any CPU
		{F30CFCA7-A0A4-4A7F-A210-0E60CA179E58}.Debug|Any CPU.ActiveCfg = Debug|Any CPU
		{F30CFCA7-A0A4-4A7F-A210-0E60CA179E58}.Debug|Any CPU.Build.0 = Debug|Any CPU
		{F30CFCA7-A0A4-4A7F-A210-0E60CA179E58}.Release|Any CPU.ActiveCfg = Release|Any CPU
		{F30CFCA7-A0A4-4A7F-A210-0E60CA179E58}.Release|Any CPU.Build.0 = Release|Any CPU
		{AB7FE702-CA34-48D6-AECF-E681211FCD9E}.Debug|Any CPU.ActiveCfg = Debug|Any CPU
		{AB7FE702-CA34-48D6-AECF-E681211FCD9E}.Debug|Any CPU.Build.0 = Debug|Any CPU
		{AB7FE702-CA34-48D6-AECF-E681211FCD9E}.Release|Any CPU.ActiveCfg = Release|Any CPU
		{AB7FE702-CA34-48D6-AECF-E681211FCD9E}.Release|Any CPU.Build.0 = Release|Any CPU
		{08EDFCD6-0C60-464A-9BB5-6471D9EDD812}.Debug|Any CPU.ActiveCfg = Debug|Any CPU
		{08EDFCD6-0C60-464A-9BB5-6471D9EDD812}.Debug|Any CPU.Build.0 = Debug|Any CPU
		{08EDFCD6-0C60-464A-9BB5-6471D9EDD812}.Release|Any CPU.ActiveCfg = Release|Any CPU
		{08EDFCD6-0C60-464A-9BB5-6471D9EDD812}.Release|Any CPU.Build.0 = Release|Any CPU
		{F8A797D6-B2A7-4142-92B1-222A5FFDF581}.Debug|Any CPU.ActiveCfg = Debug|Any CPU
		{F8A797D6-B2A7-4142-92B1-222A5FFDF581}.Debug|Any CPU.Build.0 = Debug|Any CPU
		{F8A797D6-B2A7-4142-92B1-222A5FFDF581}.Release|Any CPU.ActiveCfg = Release|Any CPU
		{F8A797D6-B2A7-4142-92B1-222A5FFDF581}.Release|Any CPU.Build.0 = Release|Any CPU
		{78083D92-1603-49ED-8360-CB4D70B9271E}.Debug|Any CPU.ActiveCfg = Debug|Any CPU
		{78083D92-1603-49ED-8360-CB4D70B9271E}.Debug|Any CPU.Build.0 = Debug|Any CPU
		{78083D92-1603-49ED-8360-CB4D70B9271E}.Release|Any CPU.ActiveCfg = Release|Any CPU
		{78083D92-1603-49ED-8360-CB4D70B9271E}.Release|Any CPU.Build.0 = Release|Any CPU
	EndGlobalSection
	GlobalSection(SolutionProperties) = preSolution
		HideSolutionNode = FALSE
	EndGlobalSection
EndGlobal
