
Microsoft Visual Studio Solution File, Format Version 12.00
# Visual Studio 14
VisualStudioVersion = 14.0.24720.0
MinimumVisualStudioVersion = 10.0.40219.1
Project("{9092AA53-FB77-4645-B42D-1CCCA6BD08BD}") = "Problem01.Quadratic equation", "Problem01.QuadraticEquation\Problem01.Quadratic equation.njsproj", "{90CBCF32-3972-4A9E-8B68-855444E42E85}"
EndProject
Project("{9092AA53-FB77-4645-B42D-1CCCA6BD08BD}") = "Problem02.Calculate knots", "Problem02.Calculate knots\Problem02.Calculate knots.njsproj", "{1AC2DD22-B671-4EB4-87DC-CC55F926251E}"
EndProject
Project("{9092AA53-FB77-4645-B42D-1CCCA6BD08BD}") = "Problem03.CylinderVolume", "Problem03.CylinderVolume\Problem03.CylinderVolume.njsproj", "{05997A99-6104-4B3D-9DC5-C41A97FE49C9}"
EndProject
Project("{9092AA53-FB77-4645-B42D-1CCCA6BD08BD}") = "Problem04.TheLifetimeSupplyCalculator", "Problem04.TheLifetimeSupplyCalculator\Problem04.TheLifetimeSupplyCalculator.njsproj", "{3442F67A-5361-412C-A140-250B37945958}"
EndProject
Project("{9092AA53-FB77-4645-B42D-1CCCA6BD08BD}") = "Problem05.CalculateExpression", "Problem05.CalculateExpression\Problem05.CalculateExpression.njsproj", "{D9937359-120B-4E62-BA6E-A3776289DD4B}"
EndProject
Global
	GlobalSection(SolutionConfigurationPlatforms) = preSolution
		Debug|Any CPU = Debug|Any CPU
		Release|Any CPU = Release|Any CPU
	EndGlobalSection
	GlobalSection(ProjectConfigurationPlatforms) = postSolution
		{90CBCF32-3972-4A9E-8B68-855444E42E85}.Debug|Any CPU.ActiveCfg = Debug|Any CPU
		{90CBCF32-3972-4A9E-8B68-855444E42E85}.Debug|Any CPU.Build.0 = Debug|Any CPU
		{90CBCF32-3972-4A9E-8B68-855444E42E85}.Release|Any CPU.ActiveCfg = Release|Any CPU
		{90CBCF32-3972-4A9E-8B68-855444E42E85}.Release|Any CPU.Build.0 = Release|Any CPU
		{1AC2DD22-B671-4EB4-87DC-CC55F926251E}.Debug|Any CPU.ActiveCfg = Debug|Any CPU
		{1AC2DD22-B671-4EB4-87DC-CC55F926251E}.Debug|Any CPU.Build.0 = Debug|Any CPU
		{1AC2DD22-B671-4EB4-87DC-CC55F926251E}.Release|Any CPU.ActiveCfg = Release|Any CPU
		{1AC2DD22-B671-4EB4-87DC-CC55F926251E}.Release|Any CPU.Build.0 = Release|Any CPU
		{05997A99-6104-4B3D-9DC5-C41A97FE49C9}.Debug|Any CPU.ActiveCfg = Debug|Any CPU
		{05997A99-6104-4B3D-9DC5-C41A97FE49C9}.Debug|Any CPU.Build.0 = Debug|Any CPU
		{05997A99-6104-4B3D-9DC5-C41A97FE49C9}.Release|Any CPU.ActiveCfg = Release|Any CPU
		{05997A99-6104-4B3D-9DC5-C41A97FE49C9}.Release|Any CPU.Build.0 = Release|Any CPU
		{3442F67A-5361-412C-A140-250B37945958}.Debug|Any CPU.ActiveCfg = Debug|Any CPU
		{3442F67A-5361-412C-A140-250B37945958}.Debug|Any CPU.Build.0 = Debug|Any CPU
		{3442F67A-5361-412C-A140-250B37945958}.Release|Any CPU.ActiveCfg = Release|Any CPU
		{3442F67A-5361-412C-A140-250B37945958}.Release|Any CPU.Build.0 = Release|Any CPU
		{D9937359-120B-4E62-BA6E-A3776289DD4B}.Debug|Any CPU.ActiveCfg = Debug|Any CPU
		{D9937359-120B-4E62-BA6E-A3776289DD4B}.Debug|Any CPU.Build.0 = Debug|Any CPU
		{D9937359-120B-4E62-BA6E-A3776289DD4B}.Release|Any CPU.ActiveCfg = Release|Any CPU
		{D9937359-120B-4E62-BA6E-A3776289DD4B}.Release|Any CPU.Build.0 = Release|Any CPU
	EndGlobalSection
	GlobalSection(SolutionProperties) = preSolution
		HideSolutionNode = FALSE
	EndGlobalSection
EndGlobal
