
Microsoft Visual Studio Solution File, Format Version 12.00
# Visual Studio 14
VisualStudioVersion = 14.0.24720.0
MinimumVisualStudioVersion = 10.0.40219.1
Project("{9092AA53-FB77-4645-B42D-1CCCA6BD08BD}") = "Problem01.2DClassical", "Problem01.2DClassical\Problem01.2DClassical.njsproj", "{3C265619-8F68-4668-87C0-7CDF82309960}"
EndProject
Project("{9092AA53-FB77-4645-B42D-1CCCA6BD08BD}") = "Problem02.2DPrototypal", "Problem02.2DPrototypal\Problem02.2DPrototypal.njsproj", "{70392255-0776-49E2-AAD2-EF37B17F0DCD}"
EndProject
Global
	GlobalSection(SolutionConfigurationPlatforms) = preSolution
		Debug|Any CPU = Debug|Any CPU
		Release|Any CPU = Release|Any CPU
	EndGlobalSection
	GlobalSection(ProjectConfigurationPlatforms) = postSolution
		{3C265619-8F68-4668-87C0-7CDF82309960}.Debug|Any CPU.ActiveCfg = Debug|Any CPU
		{3C265619-8F68-4668-87C0-7CDF82309960}.Debug|Any CPU.Build.0 = Debug|Any CPU
		{3C265619-8F68-4668-87C0-7CDF82309960}.Release|Any CPU.ActiveCfg = Release|Any CPU
		{3C265619-8F68-4668-87C0-7CDF82309960}.Release|Any CPU.Build.0 = Release|Any CPU
		{70392255-0776-49E2-AAD2-EF37B17F0DCD}.Debug|Any CPU.ActiveCfg = Debug|Any CPU
		{70392255-0776-49E2-AAD2-EF37B17F0DCD}.Debug|Any CPU.Build.0 = Debug|Any CPU
		{70392255-0776-49E2-AAD2-EF37B17F0DCD}.Release|Any CPU.ActiveCfg = Release|Any CPU
		{70392255-0776-49E2-AAD2-EF37B17F0DCD}.Release|Any CPU.Build.0 = Release|Any CPU
	EndGlobalSection
	GlobalSection(SolutionProperties) = preSolution
		HideSolutionNode = FALSE
	EndGlobalSection
EndGlobal
