
Microsoft Visual Studio Solution File, Format Version 12.00
# Visual Studio 15
VisualStudioVersion = 15.0.28307.168
MinimumVisualStudioVersion = 10.0.40219.1
Project("{FAE04EC0-301F-11D3-BF4B-00C04F79EFBC}") = "Basic_Tree_Data_Homework", "Basic_Tree_Data_Homework\Basic_Tree_Data_Homework.csproj", "{8917DE88-425B-4D90-8ECF-E87281DADC8E}"
EndProject
Global
	GlobalSection(SolutionConfigurationPlatforms) = preSolution
		Debug|Any CPU = Debug|Any CPU
		Release|Any CPU = Release|Any CPU
	EndGlobalSection
	GlobalSection(ProjectConfigurationPlatforms) = postSolution
		{8917DE88-425B-4D90-8ECF-E87281DADC8E}.Debug|Any CPU.ActiveCfg = Debug|Any CPU
		{8917DE88-425B-4D90-8ECF-E87281DADC8E}.Debug|Any CPU.Build.0 = Debug|Any CPU
		{8917DE88-425B-4D90-8ECF-E87281DADC8E}.Release|Any CPU.ActiveCfg = Release|Any CPU
		{8917DE88-425B-4D90-8ECF-E87281DADC8E}.Release|Any CPU.Build.0 = Release|Any CPU
	EndGlobalSection
	GlobalSection(SolutionProperties) = preSolution
		HideSolutionNode = FALSE
	EndGlobalSection
	GlobalSection(ExtensibilityGlobals) = postSolution
		SolutionGuid = {A1D963CE-7B02-4CF2-AB4C-4CE1253B93B8}
	EndGlobalSection
EndGlobal
