
Microsoft Visual Studio Solution File, Format Version 12.00
# Visual Studio 15
VisualStudioVersion = 15.0.27130.2024
MinimumVisualStudioVersion = 10.0.40219.1
Project("{FAE04EC0-301F-11D3-BF4B-00C04F79EFBC}") = "Problem.07.DistanceInLabyrinth", "Problem.07.DistanceInLabyrinth\Problem.07.DistanceInLabyrinth.csproj", "{76FC6F30-3BED-42A4-BF9F-BA6D3B3763DA}"
EndProject
Project("{FAE04EC0-301F-11D3-BF4B-00C04F79EFBC}") = "Problem.02.SortWords", "Problem.02.SortWords\Problem.02.SortWords.csproj", "{D92043A7-5B42-4C20-A824-1FD136ACEE1A}"
EndProject
Project("{FAE04EC0-301F-11D3-BF4B-00C04F79EFBC}") = "Problem.03.LongestSubsequence", "Problem.03.LongestSubsequence\Problem.03.LongestSubsequence.csproj", "{77BB4DA4-39F3-4E2F-986C-3723FF440B54}"
EndProject
Project("{FAE04EC0-301F-11D3-BF4B-00C04F79EFBC}") = "Problem.04.RemoveOddOccurrences", "Problem.04.RemoveOddOccurrences\Problem.04.RemoveOddOccurrences.csproj", "{F9CEDB19-3EB8-4A0A-8381-974DDA77196B}"
EndProject
Project("{FAE04EC0-301F-11D3-BF4B-00C04F79EFBC}") = "Problem.05.CountOfOccurrences", "Problem.05.CountOfOccurrences\Problem.05.CountOfOccurrences.csproj", "{AEA38AB4-C889-44A5-944F-66EC72907D6A}"
EndProject
Project("{FAE04EC0-301F-11D3-BF4B-00C04F79EFBC}") = "Problem.08.ImplementADoublyLinkedList", "Problem.08.ImplementADoublyLinkedList\Problem.08.ImplementADoublyLinkedList.csproj", "{D2968200-9151-4159-B2FA-F192287E5716}"
EndProject
Project("{FAE04EC0-301F-11D3-BF4B-00C04F79EFBC}") = "Problem.08.ImplementADoublyLinkedList.Test", "Problem.08.ImplementADoublyLinkedList.Test\Problem.08.ImplementADoublyLinkedList.Test.csproj", "{82070305-3A7E-42B0-93DC-6C390EFEFA86}"
EndProject
Project("{FAE04EC0-301F-11D3-BF4B-00C04F79EFBC}") = "Problem.01.SumAndAverage", "Problem.01.SumAndAverage\Problem.01.SumAndAverage.csproj", "{4781C2AC-3FB4-42B5-A00C-CC66E590CB54}"
EndProject
Project("{FAE04EC0-301F-11D3-BF4B-00C04F79EFBC}") = "Problem.06.ReversedList", "Problem.06.ReversedList\Problem.06.ReversedList.csproj", "{7233A95C-568C-4B4F-ACD2-9741C778E5AA}"
EndProject
Project("{FAE04EC0-301F-11D3-BF4B-00C04F79EFBC}") = "Problem.01.ReverseNumbersWithAStack", "Problem.01.ReverseNumbersWithAStack\Problem.01.ReverseNumbersWithAStack.csproj", "{6214E680-1457-4DCE-980C-5539FB994831}"
EndProject
Project("{FAE04EC0-301F-11D3-BF4B-00C04F79EFBC}") = "Problem.02.CalculateSequenceWithAQueue", "Problem.02.CalculateSequenceWithAQueue\Problem.02.CalculateSequenceWithAQueue.csproj", "{3C33F153-721B-4E04-A264-E9DF65BE92EC}"
EndProject
Project("{FAE04EC0-301F-11D3-BF4B-00C04F79EFBC}") = "Problem.03.ImplementAnArray-BasedStack", "Problem.03.ImplementAnArray-BasedStack\Problem.03.ImplementAnArray-BasedStack.csproj", "{18D6E5BF-1D80-4CEA-9A9A-3B82EB350D08}"
EndProject
Project("{FAE04EC0-301F-11D3-BF4B-00C04F79EFBC}") = "Problem.04.LinkedStack", "Problem.04.LinkedStack\Problem.04.LinkedStack.csproj", "{5F267765-A2A3-4210-B302-C0C0B68B4763}"
EndProject
Project("{FAE04EC0-301F-11D3-BF4B-00C04F79EFBC}") = "Problem.05.LinkedQueue", "Problem.05.LinkedQueue\Problem.05.LinkedQueue.csproj", "{0BB5FF43-7E0F-49C0-9BC4-43DF5718D9EE}"
EndProject
Project("{FAE04EC0-301F-11D3-BF4B-00C04F79EFBC}") = "Problem.06.SequenceNM", "Problem.06.SequenceNM\Problem.06.SequenceNM.csproj", "{6A40B892-FCC1-4920-8947-7D1A39FDB130}"
EndProject
Global
	GlobalSection(SolutionConfigurationPlatforms) = preSolution
		Debug|Any CPU = Debug|Any CPU
		Release|Any CPU = Release|Any CPU
	EndGlobalSection
	GlobalSection(ProjectConfigurationPlatforms) = postSolution
		{76FC6F30-3BED-42A4-BF9F-BA6D3B3763DA}.Debug|Any CPU.ActiveCfg = Debug|Any CPU
		{76FC6F30-3BED-42A4-BF9F-BA6D3B3763DA}.Debug|Any CPU.Build.0 = Debug|Any CPU
		{76FC6F30-3BED-42A4-BF9F-BA6D3B3763DA}.Release|Any CPU.ActiveCfg = Release|Any CPU
		{76FC6F30-3BED-42A4-BF9F-BA6D3B3763DA}.Release|Any CPU.Build.0 = Release|Any CPU
		{D92043A7-5B42-4C20-A824-1FD136ACEE1A}.Debug|Any CPU.ActiveCfg = Debug|Any CPU
		{D92043A7-5B42-4C20-A824-1FD136ACEE1A}.Debug|Any CPU.Build.0 = Debug|Any CPU
		{D92043A7-5B42-4C20-A824-1FD136ACEE1A}.Release|Any CPU.ActiveCfg = Release|Any CPU
		{D92043A7-5B42-4C20-A824-1FD136ACEE1A}.Release|Any CPU.Build.0 = Release|Any CPU
		{77BB4DA4-39F3-4E2F-986C-3723FF440B54}.Debug|Any CPU.ActiveCfg = Debug|Any CPU
		{77BB4DA4-39F3-4E2F-986C-3723FF440B54}.Debug|Any CPU.Build.0 = Debug|Any CPU
		{77BB4DA4-39F3-4E2F-986C-3723FF440B54}.Release|Any CPU.ActiveCfg = Release|Any CPU
		{77BB4DA4-39F3-4E2F-986C-3723FF440B54}.Release|Any CPU.Build.0 = Release|Any CPU
		{F9CEDB19-3EB8-4A0A-8381-974DDA77196B}.Debug|Any CPU.ActiveCfg = Debug|Any CPU
		{F9CEDB19-3EB8-4A0A-8381-974DDA77196B}.Debug|Any CPU.Build.0 = Debug|Any CPU
		{F9CEDB19-3EB8-4A0A-8381-974DDA77196B}.Release|Any CPU.ActiveCfg = Release|Any CPU
		{F9CEDB19-3EB8-4A0A-8381-974DDA77196B}.Release|Any CPU.Build.0 = Release|Any CPU
		{AEA38AB4-C889-44A5-944F-66EC72907D6A}.Debug|Any CPU.ActiveCfg = Debug|Any CPU
		{AEA38AB4-C889-44A5-944F-66EC72907D6A}.Debug|Any CPU.Build.0 = Debug|Any CPU
		{AEA38AB4-C889-44A5-944F-66EC72907D6A}.Release|Any CPU.ActiveCfg = Release|Any CPU
		{AEA38AB4-C889-44A5-944F-66EC72907D6A}.Release|Any CPU.Build.0 = Release|Any CPU
		{D2968200-9151-4159-B2FA-F192287E5716}.Debug|Any CPU.ActiveCfg = Debug|Any CPU
		{D2968200-9151-4159-B2FA-F192287E5716}.Debug|Any CPU.Build.0 = Debug|Any CPU
		{D2968200-9151-4159-B2FA-F192287E5716}.Release|Any CPU.ActiveCfg = Release|Any CPU
		{D2968200-9151-4159-B2FA-F192287E5716}.Release|Any CPU.Build.0 = Release|Any CPU
		{82070305-3A7E-42B0-93DC-6C390EFEFA86}.Debug|Any CPU.ActiveCfg = Debug|Any CPU
		{82070305-3A7E-42B0-93DC-6C390EFEFA86}.Debug|Any CPU.Build.0 = Debug|Any CPU
		{82070305-3A7E-42B0-93DC-6C390EFEFA86}.Release|Any CPU.ActiveCfg = Release|Any CPU
		{82070305-3A7E-42B0-93DC-6C390EFEFA86}.Release|Any CPU.Build.0 = Release|Any CPU
		{4781C2AC-3FB4-42B5-A00C-CC66E590CB54}.Debug|Any CPU.ActiveCfg = Debug|Any CPU
		{4781C2AC-3FB4-42B5-A00C-CC66E590CB54}.Debug|Any CPU.Build.0 = Debug|Any CPU
		{4781C2AC-3FB4-42B5-A00C-CC66E590CB54}.Release|Any CPU.ActiveCfg = Release|Any CPU
		{4781C2AC-3FB4-42B5-A00C-CC66E590CB54}.Release|Any CPU.Build.0 = Release|Any CPU
		{7233A95C-568C-4B4F-ACD2-9741C778E5AA}.Debug|Any CPU.ActiveCfg = Debug|Any CPU
		{7233A95C-568C-4B4F-ACD2-9741C778E5AA}.Debug|Any CPU.Build.0 = Debug|Any CPU
		{7233A95C-568C-4B4F-ACD2-9741C778E5AA}.Release|Any CPU.ActiveCfg = Release|Any CPU
		{7233A95C-568C-4B4F-ACD2-9741C778E5AA}.Release|Any CPU.Build.0 = Release|Any CPU
		{6214E680-1457-4DCE-980C-5539FB994831}.Debug|Any CPU.ActiveCfg = Debug|Any CPU
		{6214E680-1457-4DCE-980C-5539FB994831}.Debug|Any CPU.Build.0 = Debug|Any CPU
		{6214E680-1457-4DCE-980C-5539FB994831}.Release|Any CPU.ActiveCfg = Release|Any CPU
		{6214E680-1457-4DCE-980C-5539FB994831}.Release|Any CPU.Build.0 = Release|Any CPU
		{3C33F153-721B-4E04-A264-E9DF65BE92EC}.Debug|Any CPU.ActiveCfg = Debug|Any CPU
		{3C33F153-721B-4E04-A264-E9DF65BE92EC}.Debug|Any CPU.Build.0 = Debug|Any CPU
		{3C33F153-721B-4E04-A264-E9DF65BE92EC}.Release|Any CPU.ActiveCfg = Release|Any CPU
		{3C33F153-721B-4E04-A264-E9DF65BE92EC}.Release|Any CPU.Build.0 = Release|Any CPU
		{18D6E5BF-1D80-4CEA-9A9A-3B82EB350D08}.Debug|Any CPU.ActiveCfg = Debug|Any CPU
		{18D6E5BF-1D80-4CEA-9A9A-3B82EB350D08}.Debug|Any CPU.Build.0 = Debug|Any CPU
		{18D6E5BF-1D80-4CEA-9A9A-3B82EB350D08}.Release|Any CPU.ActiveCfg = Release|Any CPU
		{18D6E5BF-1D80-4CEA-9A9A-3B82EB350D08}.Release|Any CPU.Build.0 = Release|Any CPU
		{5F267765-A2A3-4210-B302-C0C0B68B4763}.Debug|Any CPU.ActiveCfg = Debug|Any CPU
		{5F267765-A2A3-4210-B302-C0C0B68B4763}.Debug|Any CPU.Build.0 = Debug|Any CPU
		{5F267765-A2A3-4210-B302-C0C0B68B4763}.Release|Any CPU.ActiveCfg = Release|Any CPU
		{5F267765-A2A3-4210-B302-C0C0B68B4763}.Release|Any CPU.Build.0 = Release|Any CPU
		{0BB5FF43-7E0F-49C0-9BC4-43DF5718D9EE}.Debug|Any CPU.ActiveCfg = Debug|Any CPU
		{0BB5FF43-7E0F-49C0-9BC4-43DF5718D9EE}.Debug|Any CPU.Build.0 = Debug|Any CPU
		{0BB5FF43-7E0F-49C0-9BC4-43DF5718D9EE}.Release|Any CPU.ActiveCfg = Release|Any CPU
		{0BB5FF43-7E0F-49C0-9BC4-43DF5718D9EE}.Release|Any CPU.Build.0 = Release|Any CPU
		{6A40B892-FCC1-4920-8947-7D1A39FDB130}.Debug|Any CPU.ActiveCfg = Debug|Any CPU
		{6A40B892-FCC1-4920-8947-7D1A39FDB130}.Debug|Any CPU.Build.0 = Debug|Any CPU
		{6A40B892-FCC1-4920-8947-7D1A39FDB130}.Release|Any CPU.ActiveCfg = Release|Any CPU
		{6A40B892-FCC1-4920-8947-7D1A39FDB130}.Release|Any CPU.Build.0 = Release|Any CPU
	EndGlobalSection
	GlobalSection(SolutionProperties) = preSolution
		HideSolutionNode = FALSE
	EndGlobalSection
	GlobalSection(ExtensibilityGlobals) = postSolution
		SolutionGuid = {44793F7A-7D43-4D9A-B143-6E23D29DBC77}
	EndGlobalSection
EndGlobal
