
Microsoft Visual Studio Solution File, Format Version 12.00
# Visual Studio 14
VisualStudioVersion = 14.0.25420.1
MinimumVisualStudioVersion = 10.0.40219.1
Project("{FAE04EC0-301F-11D3-BF4B-00C04F79EFBC}") = "SimpleHttpServer", "SimpleHttpServer\SimpleHttpServer.csproj", "{A24C1291-8EC3-49C2-9E52-1532F0F6E8F8}"
EndProject
Project("{FAE04EC0-301F-11D3-BF4B-00C04F79EFBC}") = "HttpRun", "HttpRun\HttpRun.csproj", "{34CB8588-12D7-42BE-9DE4-274ACA220138}"
EndProject
Global
	GlobalSection(SolutionConfigurationPlatforms) = preSolution
		Debug|Any CPU = Debug|Any CPU
		Release|Any CPU = Release|Any CPU
	EndGlobalSection
	GlobalSection(ProjectConfigurationPlatforms) = postSolution
		{A24C1291-8EC3-49C2-9E52-1532F0F6E8F8}.Debug|Any CPU.ActiveCfg = Debug|Any CPU
		{A24C1291-8EC3-49C2-9E52-1532F0F6E8F8}.Debug|Any CPU.Build.0 = Debug|Any CPU
		{A24C1291-8EC3-49C2-9E52-1532F0F6E8F8}.Release|Any CPU.ActiveCfg = Release|Any CPU
		{A24C1291-8EC3-49C2-9E52-1532F0F6E8F8}.Release|Any CPU.Build.0 = Release|Any CPU
		{34CB8588-12D7-42BE-9DE4-274ACA220138}.Debug|Any CPU.ActiveCfg = Debug|Any CPU
		{34CB8588-12D7-42BE-9DE4-274ACA220138}.Debug|Any CPU.Build.0 = Debug|Any CPU
		{34CB8588-12D7-42BE-9DE4-274ACA220138}.Release|Any CPU.ActiveCfg = Release|Any CPU
		{34CB8588-12D7-42BE-9DE4-274ACA220138}.Release|Any CPU.Build.0 = Release|Any CPU
	EndGlobalSection
	GlobalSection(SolutionProperties) = preSolution
		HideSolutionNode = FALSE
	EndGlobalSection
EndGlobal
