
Microsoft Visual Studio Solution File, Format Version 12.00
# Visual Studio 14
VisualStudioVersion = 14.0.25420.1
MinimumVisualStudioVersion = 10.0.40219.1
Project("{FAE04EC0-301F-11D3-BF4B-00C04F79EFBC}") = "PizzaMore.Utility", "PizzaMore.Utility\PizzaMore.Utility.csproj", "{5A9DC4DA-D9E9-435B-9E80-52BE7486A50F}"
EndProject
Project("{FAE04EC0-301F-11D3-BF4B-00C04F79EFBC}") = "PizzaMore.Data", "PizzaMore.Data\PizzaMore.Data.csproj", "{75DF5E3A-6FB2-4C64-BE9B-088F8A121717}"
EndProject
Project("{FAE04EC0-301F-11D3-BF4B-00C04F79EFBC}") = "Home", "Home\Home.csproj", "{E2F9988B-3F33-42C7-90CC-038470226386}"
EndProject
Project("{FAE04EC0-301F-11D3-BF4B-00C04F79EFBC}") = "SignUp", "SignUp\SignUp.csproj", "{C8A007A7-2F3A-46E2-8747-98B6CE6E7007}"
EndProject
Project("{FAE04EC0-301F-11D3-BF4B-00C04F79EFBC}") = "SignIn", "SignIn\SignIn.csproj", "{00970EA1-5315-4460-862C-80A481D326D9}"
EndProject
Project("{FAE04EC0-301F-11D3-BF4B-00C04F79EFBC}") = "Menu", "Menu\Menu.csproj", "{4F8DD5E0-2BAD-4080-A711-E79F52F4DA3F}"
EndProject
Project("{FAE04EC0-301F-11D3-BF4B-00C04F79EFBC}") = "AddPizza", "AddPizza\AddPizza.csproj", "{AE0B8B94-DBFF-4D0E-BEAB-2D1C5C4C2E7A}"
EndProject
Project("{FAE04EC0-301F-11D3-BF4B-00C04F79EFBC}") = "YourSuggestions", "YourSuggestions\YourSuggestions.csproj", "{6B004854-6CEE-4083-A1C5-314943B85B16}"
EndProject
Project("{FAE04EC0-301F-11D3-BF4B-00C04F79EFBC}") = "DetailsPizza", "DetailsPizza\DetailsPizza.csproj", "{19F3130C-0DC7-4455-B28B-B58D7C3F7F0B}"
EndProject
Global
	GlobalSection(SolutionConfigurationPlatforms) = preSolution
		Debug|Any CPU = Debug|Any CPU
		Release|Any CPU = Release|Any CPU
	EndGlobalSection
	GlobalSection(ProjectConfigurationPlatforms) = postSolution
		{5A9DC4DA-D9E9-435B-9E80-52BE7486A50F}.Debug|Any CPU.ActiveCfg = Debug|Any CPU
		{5A9DC4DA-D9E9-435B-9E80-52BE7486A50F}.Debug|Any CPU.Build.0 = Debug|Any CPU
		{5A9DC4DA-D9E9-435B-9E80-52BE7486A50F}.Release|Any CPU.ActiveCfg = Release|Any CPU
		{5A9DC4DA-D9E9-435B-9E80-52BE7486A50F}.Release|Any CPU.Build.0 = Release|Any CPU
		{75DF5E3A-6FB2-4C64-BE9B-088F8A121717}.Debug|Any CPU.ActiveCfg = Debug|Any CPU
		{75DF5E3A-6FB2-4C64-BE9B-088F8A121717}.Debug|Any CPU.Build.0 = Debug|Any CPU
		{75DF5E3A-6FB2-4C64-BE9B-088F8A121717}.Release|Any CPU.ActiveCfg = Release|Any CPU
		{75DF5E3A-6FB2-4C64-BE9B-088F8A121717}.Release|Any CPU.Build.0 = Release|Any CPU
		{E2F9988B-3F33-42C7-90CC-038470226386}.Debug|Any CPU.ActiveCfg = Debug|Any CPU
		{E2F9988B-3F33-42C7-90CC-038470226386}.Debug|Any CPU.Build.0 = Debug|Any CPU
		{E2F9988B-3F33-42C7-90CC-038470226386}.Release|Any CPU.ActiveCfg = Release|Any CPU
		{E2F9988B-3F33-42C7-90CC-038470226386}.Release|Any CPU.Build.0 = Release|Any CPU
		{C8A007A7-2F3A-46E2-8747-98B6CE6E7007}.Debug|Any CPU.ActiveCfg = Debug|Any CPU
		{C8A007A7-2F3A-46E2-8747-98B6CE6E7007}.Debug|Any CPU.Build.0 = Debug|Any CPU
		{C8A007A7-2F3A-46E2-8747-98B6CE6E7007}.Release|Any CPU.ActiveCfg = Release|Any CPU
		{C8A007A7-2F3A-46E2-8747-98B6CE6E7007}.Release|Any CPU.Build.0 = Release|Any CPU
		{00970EA1-5315-4460-862C-80A481D326D9}.Debug|Any CPU.ActiveCfg = Debug|Any CPU
		{00970EA1-5315-4460-862C-80A481D326D9}.Debug|Any CPU.Build.0 = Debug|Any CPU
		{00970EA1-5315-4460-862C-80A481D326D9}.Release|Any CPU.ActiveCfg = Release|Any CPU
		{00970EA1-5315-4460-862C-80A481D326D9}.Release|Any CPU.Build.0 = Release|Any CPU
		{4F8DD5E0-2BAD-4080-A711-E79F52F4DA3F}.Debug|Any CPU.ActiveCfg = Debug|Any CPU
		{4F8DD5E0-2BAD-4080-A711-E79F52F4DA3F}.Debug|Any CPU.Build.0 = Debug|Any CPU
		{4F8DD5E0-2BAD-4080-A711-E79F52F4DA3F}.Release|Any CPU.ActiveCfg = Release|Any CPU
		{4F8DD5E0-2BAD-4080-A711-E79F52F4DA3F}.Release|Any CPU.Build.0 = Release|Any CPU
		{AE0B8B94-DBFF-4D0E-BEAB-2D1C5C4C2E7A}.Debug|Any CPU.ActiveCfg = Debug|Any CPU
		{AE0B8B94-DBFF-4D0E-BEAB-2D1C5C4C2E7A}.Debug|Any CPU.Build.0 = Debug|Any CPU
		{AE0B8B94-DBFF-4D0E-BEAB-2D1C5C4C2E7A}.Release|Any CPU.ActiveCfg = Release|Any CPU
		{AE0B8B94-DBFF-4D0E-BEAB-2D1C5C4C2E7A}.Release|Any CPU.Build.0 = Release|Any CPU
		{6B004854-6CEE-4083-A1C5-314943B85B16}.Debug|Any CPU.ActiveCfg = Debug|Any CPU
		{6B004854-6CEE-4083-A1C5-314943B85B16}.Debug|Any CPU.Build.0 = Debug|Any CPU
		{6B004854-6CEE-4083-A1C5-314943B85B16}.Release|Any CPU.ActiveCfg = Release|Any CPU
		{6B004854-6CEE-4083-A1C5-314943B85B16}.Release|Any CPU.Build.0 = Release|Any CPU
		{19F3130C-0DC7-4455-B28B-B58D7C3F7F0B}.Debug|Any CPU.ActiveCfg = Debug|Any CPU
		{19F3130C-0DC7-4455-B28B-B58D7C3F7F0B}.Debug|Any CPU.Build.0 = Debug|Any CPU
		{19F3130C-0DC7-4455-B28B-B58D7C3F7F0B}.Release|Any CPU.ActiveCfg = Release|Any CPU
		{19F3130C-0DC7-4455-B28B-B58D7C3F7F0B}.Release|Any CPU.Build.0 = Release|Any CPU
	EndGlobalSection
	GlobalSection(SolutionProperties) = preSolution
		HideSolutionNode = FALSE
	EndGlobalSection
EndGlobal
